
Microsoft Visual Studio Solution File, Format Version 12.00
# Visual Studio Version 17
VisualStudioVersion = 17.3.32922.545
MinimumVisualStudioVersion = 10.0.40219.1
Project("{FAE04EC0-301F-11D3-BF4B-00C04F79EFBC}") = "Logbbok3task3", "Logbbok3task3\Logbbok3task3.csproj", "{EB9350A0-C7F8-43B0-83D5-BC1FE80D5352}"
EndProject
Global
	GlobalSection(SolutionConfigurationPlatforms) = preSolution
		Debug|Any CPU = Debug|Any CPU
		Release|Any CPU = Release|Any CPU
	EndGlobalSection
	GlobalSection(ProjectConfigurationPlatforms) = postSolution
		{EB9350A0-C7F8-43B0-83D5-BC1FE80D5352}.Debug|Any CPU.ActiveCfg = Debug|Any CPU
		{EB9350A0-C7F8-43B0-83D5-BC1FE80D5352}.Debug|Any CPU.Build.0 = Debug|Any CPU
		{EB9350A0-C7F8-43B0-83D5-BC1FE80D5352}.Release|Any CPU.ActiveCfg = Release|Any CPU
		{EB9350A0-C7F8-43B0-83D5-BC1FE80D5352}.Release|Any CPU.Build.0 = Release|Any CPU
	EndGlobalSection
	GlobalSection(SolutionProperties) = preSolution
		HideSolutionNode = FALSE
	EndGlobalSection
	GlobalSection(ExtensibilityGlobals) = postSolution
		SolutionGuid = {81543FBA-5361-470A-8580-84A6A6063BE1}
	EndGlobalSection
EndGlobal
